
Microsoft Visual Studio Solution File, Format Version 12.00
# Visual Studio Version 16
VisualStudioVersion = 16.0.30611.23
MinimumVisualStudioVersion = 10.0.40219.1
Project("{FAE04EC0-301F-11D3-BF4B-00C04F79EFBC}") = "Server", "Server\Server.csproj", "{6BE745A3-5CB8-499A-8100-FD0DEDB74B46}"
EndProject
Project("{FAE04EC0-301F-11D3-BF4B-00C04F79EFBC}") = "Client", "Client\Client.csproj", "{5A9E571B-BE2D-45DB-BB5A-231DC80DDC72}"
EndProject
Global
	GlobalSection(SolutionConfigurationPlatforms) = preSolution
		Debug|Any CPU = Debug|Any CPU
		Release|Any CPU = Release|Any CPU
	EndGlobalSection
	GlobalSection(ProjectConfigurationPlatforms) = postSolution
		{6BE745A3-5CB8-499A-8100-FD0DEDB74B46}.Debug|Any CPU.ActiveCfg = Debug|Any CPU
		{6BE745A3-5CB8-499A-8100-FD0DEDB74B46}.Debug|Any CPU.Build.0 = Debug|Any CPU
		{6BE745A3-5CB8-499A-8100-FD0DEDB74B46}.Release|Any CPU.ActiveCfg = Release|Any CPU
		{6BE745A3-5CB8-499A-8100-FD0DEDB74B46}.Release|Any CPU.Build.0 = Release|Any CPU
		{5A9E571B-BE2D-45DB-BB5A-231DC80DDC72}.Debug|Any CPU.ActiveCfg = Debug|Any CPU
		{5A9E571B-BE2D-45DB-BB5A-231DC80DDC72}.Debug|Any CPU.Build.0 = Debug|Any CPU
		{5A9E571B-BE2D-45DB-BB5A-231DC80DDC72}.Release|Any CPU.ActiveCfg = Release|Any CPU
		{5A9E571B-BE2D-45DB-BB5A-231DC80DDC72}.Release|Any CPU.Build.0 = Release|Any CPU
	EndGlobalSection
	GlobalSection(SolutionProperties) = preSolution
		HideSolutionNode = FALSE
	EndGlobalSection
	GlobalSection(ExtensibilityGlobals) = postSolution
		SolutionGuid = {689BBB05-D933-4B6C-99FC-C2F225EBEBC8}
	EndGlobalSection
EndGlobal
